
Microsoft Visual Studio Solution File, Format Version 12.00
# Visual Studio Version 17
VisualStudioVersion = 17.7.34202.233
MinimumVisualStudioVersion = 10.0.40219.1
Project("{9A19103F-16F7-4668-BE54-9A1E7A4F7556}") = "BlazorQuiz.Server", "BlazorQuiz\Server\BlazorQuiz.Server.csproj", "{562B8B24-E61B-4C2A-AC2C-B09A597702BD}"
EndProject
Project("{9A19103F-16F7-4668-BE54-9A1E7A4F7556}") = "BlazorQuiz.Client", "BlazorQuiz\Client\BlazorQuiz.Client.csproj", "{0E1490B8-7347-434F-AA03-8B87EF359928}"
EndProject
Project("{9A19103F-16F7-4668-BE54-9A1E7A4F7556}") = "BlazorQuiz.Shared", "BlazorQuiz\Shared\BlazorQuiz.Shared.csproj", "{C8BB86F5-6143-4CE5-98FE-F3F86F1BC92F}"
EndProject
Global
	GlobalSection(SolutionConfigurationPlatforms) = preSolution
		Debug|Any CPU = Debug|Any CPU
		Release|Any CPU = Release|Any CPU
	EndGlobalSection
	GlobalSection(ProjectConfigurationPlatforms) = postSolution
		{562B8B24-E61B-4C2A-AC2C-B09A597702BD}.Debug|Any CPU.ActiveCfg = Debug|Any CPU
		{562B8B24-E61B-4C2A-AC2C-B09A597702BD}.Debug|Any CPU.Build.0 = Debug|Any CPU
		{562B8B24-E61B-4C2A-AC2C-B09A597702BD}.Release|Any CPU.ActiveCfg = Release|Any CPU
		{562B8B24-E61B-4C2A-AC2C-B09A597702BD}.Release|Any CPU.Build.0 = Release|Any CPU
		{0E1490B8-7347-434F-AA03-8B87EF359928}.Debug|Any CPU.ActiveCfg = Debug|Any CPU
		{0E1490B8-7347-434F-AA03-8B87EF359928}.Debug|Any CPU.Build.0 = Debug|Any CPU
		{0E1490B8-7347-434F-AA03-8B87EF359928}.Release|Any CPU.ActiveCfg = Release|Any CPU
		{0E1490B8-7347-434F-AA03-8B87EF359928}.Release|Any CPU.Build.0 = Release|Any CPU
		{C8BB86F5-6143-4CE5-98FE-F3F86F1BC92F}.Debug|Any CPU.ActiveCfg = Debug|Any CPU
		{C8BB86F5-6143-4CE5-98FE-F3F86F1BC92F}.Debug|Any CPU.Build.0 = Debug|Any CPU
		{C8BB86F5-6143-4CE5-98FE-F3F86F1BC92F}.Release|Any CPU.ActiveCfg = Release|Any CPU
		{C8BB86F5-6143-4CE5-98FE-F3F86F1BC92F}.Release|Any CPU.Build.0 = Release|Any CPU
	EndGlobalSection
	GlobalSection(SolutionProperties) = preSolution
		HideSolutionNode = FALSE
	EndGlobalSection
	GlobalSection(ExtensibilityGlobals) = postSolution
		SolutionGuid = {08BE78A2-9F78-4ECA-8714-386254F5CCBD}
	EndGlobalSection
EndGlobal
